{
    "_meta": {
        "hash": {
            "sha256": "0bd62a9ce99ef6ef2d01b55de253904caa489a277cd17b87978e697ca4dbdf30"
        },
        "pipfile-spec": 6,
        "requires": {
            "python_version": "3.12"
        },
        "sources": [
            {
                "name": "pypi",
                "url": "https://pypi.org/simple",
                "verify_ssl": true
            }
        ]
    },
    "default": {
        "aiokafka": {
            "hashes": [
                "sha256:04c8ad27d04d6c53a1859687015a5f4e58b1eb221e8a7342d6c6b04430def53e",
                "sha256:06f5889acf8e1a81d6e14adf035acb29afd1f5836447fa8fa23d3cbe8f7e8608",
                "sha256:08c84b3894d97fd02fcc8886f394000d0f5ce771fab5c498ea2b0dd2f6b46d5b",
                "sha256:1158e630664d9abc74d8a7673bc70dc10737ff758e1457bebc1c05890f29ce2c",
                "sha256:24633931e05a9dc80555a2f845572b6845d2dcb1af12de27837b8602b1b8bc74",
                "sha256:2c01abf9787b1c3f3af779ad8e76d5b74903f590593bc26f33ed48750503e7f7",
                "sha256:42b2436c7c69384d210e9169fbfe339d9f49dbdcfddd8d51c79b9877de545e33",
                "sha256:4aab2767dcc8923626d8d60c314f9ba633563249cff71750db5d70b6ec813da2",
                "sha256:577c1c48b240e9eba57b3d2d806fb3d023a575334fc3953f063179170cc8964f",
                "sha256:5a907abcdf02430df0829ac80f25b8bb849630300fa01365c76e0ae49306f512",
                "sha256:62423895b866f95b5ed8d88335295a37cc5403af64cb7cb0e234f88adc2dff94",
                "sha256:63875fed922c8c7cf470d9b2a82e1b76b4a1baf2ae62e07486cf516fd09ff8f2",
                "sha256:6c77f5953ff4b25c889aef26df1f28df66c58db7abb7f34ecbe48502e9a6d273",
                "sha256:7a57fda053acd1b88c87803ad0381a1d2a29d36ec561550d11ce9154972b8e23",
                "sha256:90511a2c4cf5f343fc2190575041fbc70171654ab0dae64b3bbabd012613bfa7",
                "sha256:a5c827c8883cfe64bc49100de82862225714e1853432df69aba99f135969bb1b",
                "sha256:a9590554fae68ec80099beae5366f2494130535a1a3db0c4fa5ccb08f37f6e46",
                "sha256:b01947553ff1120fa1cb1a05f2c3e5aa47a5378c720bafd09e6630ba18af02aa",
                "sha256:b8ddff02b1e981083dff6d1a80d4502e0e83e0e480faf1f881766ca6f23e8d22",
                "sha256:bdc0a83eb386d2384325d6571f8ef65b4cfa205f8d1c16d7863e8d10cacd995a",
                "sha256:bea5710f7707ed12a7f8661ab38dfa80f5253a405de5ba228f457cc30404eb51",
                "sha256:d7b815b2e5fed9912f1231be6196547a367b9eb3380b487ff5942f0c73a3fb5c",
                "sha256:d87b1a45c57bbb1c17d1900a74739eada27e4f4a0b0932ab3c5a8cbae8bbfe1e",
                "sha256:da8938eac2153ca767ac0144283b3df7e74bb4c0abc0c9a722f3ae63cfbf3a42",
                "sha256:ddc5308c43d48af883667e2f950a0a9739ce2c9bfe69a0b55dc234f58b1b42d6",
                "sha256:e3c8ec1c0606fa645462c7353dc3e4119cade20c4656efa2031682ffaad361c0",
                "sha256:ed991c120fe19fd9439f564201dd746c4839700ef270dd4c3ee6d4895f64fe83",
                "sha256:f96d7fd8fdb5f439f7e7860fd8ec37870265d0578475e82049bce60ab07ca045",
                "sha256:f9e8ab97b935ca681a5f28cf22cf2b5112be86728876b3ec07e4ed5fc6c21f2d",
                "sha256:fdbd69ec70eea4a8dfaa5c35ff4852e90e1277fcc426b9380f0b499b77f13b16",
                "sha256:ff63689cafcd6dd642a15de75b7ae121071d6162cccba16d091bcb28b3886307"
            ],
            "index": "pypi",
            "markers": "python_version >= '3.9'",
            "version": "==0.12.0"
        },
        "async-timeout": {
            "hashes": [
                "sha256:39e3809566ff85354557ec2398b55e096c8364bacac9405a7a1fa429e77fe76c",
                "sha256:d9321a7a3d5a6a5e187e824d2fa0793ce379a202935782d555d6e9d2735677d3"
            ],
            "markers": "python_version >= '3.8'",
            "version": "==5.0.1"
        },
        "attrs": {
            "hashes": [
                "sha256:427318ce031701fea540783410126f03899a97ffc6f61596ad581ac2e40e3bc3",
                "sha256:75d7cefc7fb576747b2c81b4442d4d4a1ce0900973527c011d1030fd3bf4af1b"
            ],
            "markers": "python_version >= '3.8'",
            "version": "==25.3.0"
        },
        "jsonschema": {
            "hashes": [
                "sha256:d71497fef26351a33265337fa77ffeb82423f3ea21283cd9467bb03999266bc4",
                "sha256:fbadb6f8b144a8f8cf9f0b89ba94501d143e50411a1278633f56a7acf7fd5566"
            ],
            "index": "pypi",
            "markers": "python_version >= '3.8'",
            "version": "==4.23.0"
        },
        "jsonschema-specifications": {
            "hashes": [
                "sha256:0f38b83639958ce1152d02a7f062902c41c8fd20d558b0c34344292d417ae272",
                "sha256:a09a0680616357d9a0ecf05c12ad234479f549239d0f5b55f3deea67475da9bf"
            ],
            "markers": "python_version >= '3.9'",
            "version": "==2024.10.1"
        },
        "packaging": {
            "hashes": [
                "sha256:09abb1bccd265c01f4a3aa3f7a7db064b36514d2cba19a2f694fe6150451a759",
                "sha256:c228a6dc5e932d346bc5739379109d49e8853dd8223571c7c5b55260edc0b97f"
            ],
            "markers": "python_version >= '3.8'",
            "version": "==24.2"
        },
        "referencing": {
            "hashes": [
                "sha256:df2e89862cd09deabbdba16944cc3f10feb6b3e6f18e902f7cc25609a34775aa",
                "sha256:e8699adbbf8b5c7de96d8ffa0eb5c158b3beafce084968e2ea8bb08c6794dcd0"
            ],
            "markers": "python_version >= '3.9'",
            "version": "==0.36.2"
        },
        "rpds-py": {
            "hashes": [
                "sha256:0047638c3aa0dbcd0ab99ed1e549bbf0e142c9ecc173b6492868432d8989a046",
                "sha256:006f4342fe729a368c6df36578d7a348c7c716be1da0a1a0f86e3021f8e98724",
                "sha256:041f00419e1da7a03c46042453598479f45be3d787eb837af382bfc169c0db33",
                "sha256:04ecf5c1ff4d589987b4d9882872f80ba13da7d42427234fce8f22efb43133bc",
                "sha256:04f2b712a2206e13800a8136b07aaedc23af3facab84918e7aa89e4be0260032",
                "sha256:0aeb3329c1721c43c58cae274d7d2ca85c1690d89485d9c63a006cb79a85771a",
                "sha256:0e374c0ce0ca82e5b67cd61fb964077d40ec177dd2c4eda67dba130de09085c7",
                "sha256:0f00c16e089282ad68a3820fd0c831c35d3194b7cdc31d6e469511d9bffc535c",
                "sha256:174e46569968ddbbeb8a806d9922f17cd2b524aa753b468f35b97ff9c19cb718",
                "sha256:1b221c2457d92a1fb3c97bee9095c874144d196f47c038462ae6e4a14436f7bc",
                "sha256:208b3a70a98cf3710e97cabdc308a51cd4f28aa6e7bb11de3d56cd8b74bab98d",
                "sha256:20f2712bd1cc26a3cc16c5a1bfee9ed1abc33d4cdf1aabd297fe0eb724df4272",
                "sha256:24795c099453e3721fda5d8ddd45f5dfcc8e5a547ce7b8e9da06fecc3832e26f",
                "sha256:2a0f156e9509cee987283abd2296ec816225145a13ed0391df8f71bf1d789e2d",
                "sha256:2b2356688e5d958c4d5cb964af865bea84db29971d3e563fb78e46e20fe1848b",
                "sha256:2c13777ecdbbba2077670285dd1fe50828c8742f6a4119dbef6f83ea13ad10fb",
                "sha256:2d3ee4615df36ab8eb16c2507b11e764dcc11fd350bbf4da16d09cda11fcedef",
                "sha256:2d53747da70a4e4b17f559569d5f9506420966083a31c5fbd84e764461c4444b",
                "sha256:32bab0a56eac685828e00cc2f5d1200c548f8bc11f2e44abf311d6b548ce2e45",
                "sha256:34d90ad8c045df9a4259c47d2e16a3f21fdb396665c94520dbfe8766e62187a4",
                "sha256:369d9c6d4c714e36d4a03957b4783217a3ccd1e222cdd67d464a3a479fc17796",
                "sha256:3a55fc10fdcbf1a4bd3c018eea422c52cf08700cf99c28b5cb10fe97ab77a0d3",
                "sha256:3d2d8e4508e15fc05b31285c4b00ddf2e0eb94259c2dc896771966a163122a0c",
                "sha256:3fab5f4a2c64a8fb64fc13b3d139848817a64d467dd6ed60dcdd6b479e7febc9",
                "sha256:43dba99f00f1d37b2a0265a259592d05fcc8e7c19d140fe51c6e6f16faabeb1f",
                "sha256:44d51febb7a114293ffd56c6cf4736cb31cd68c0fddd6aa303ed09ea5a48e029",
                "sha256:493fe54318bed7d124ce272fc36adbf59d46729659b2c792e87c3b95649cdee9",
                "sha256:4b28e5122829181de1898c2c97f81c0b3246d49f585f22743a1246420bb8d399",
                "sha256:4cd031e63bc5f05bdcda120646a0d32f6d729486d0067f09d79c8db5368f4586",
                "sha256:528927e63a70b4d5f3f5ccc1fa988a35456eb5d15f804d276709c33fc2f19bda",
                "sha256:564c96b6076a98215af52f55efa90d8419cc2ef45d99e314fddefe816bc24f91",
                "sha256:5db385bacd0c43f24be92b60c857cf760b7f10d8234f4bd4be67b5b20a7c0b6b",
                "sha256:5ef877fa3bbfb40b388a5ae1cb00636a624690dcb9a29a65267054c9ea86d88a",
                "sha256:5f6e3cec44ba05ee5cbdebe92d052f69b63ae792e7d05f1020ac5e964394080c",
                "sha256:5fc13b44de6419d1e7a7e592a4885b323fbc2f46e1f22151e3a8ed3b8b920405",
                "sha256:60748789e028d2a46fc1c70750454f83c6bdd0d05db50f5ae83e2db500b34da5",
                "sha256:60d9b630c8025b9458a9d114e3af579a2c54bd32df601c4581bd054e85258143",
                "sha256:619ca56a5468f933d940e1bf431c6f4e13bef8e688698b067ae68eb4f9b30e3a",
                "sha256:630d3d8ea77eabd6cbcd2ea712e1c5cecb5b558d39547ac988351195db433f6c",
                "sha256:63981feca3f110ed132fd217bf7768ee8ed738a55549883628ee3da75bb9cb78",
                "sha256:66420986c9afff67ef0c5d1e4cdc2d0e5262f53ad11e4f90e5e22448df485bf0",
                "sha256:675269d407a257b8c00a6b58205b72eec8231656506c56fd429d924ca00bb350",
                "sha256:6a4a535013aeeef13c5532f802708cecae8d66c282babb5cd916379b72110cf7",
                "sha256:6a727fd083009bc83eb83d6950f0c32b3c94c8b80a9b667c87f4bd1274ca30ba",
                "sha256:6e1daf5bf6c2be39654beae83ee6b9a12347cb5aced9a29eecf12a2d25fff664",
                "sha256:6eea559077d29486c68218178ea946263b87f1c41ae7f996b1f30a983c476a5a",
                "sha256:75a810b7664c17f24bf2ffd7f92416c00ec84b49bb68e6a0d93e542406336b56",
                "sha256:772cc1b2cd963e7e17e6cc55fe0371fb9c704d63e44cacec7b9b7f523b78919e",
                "sha256:78884d155fd15d9f64f5d6124b486f3d3f7fd7cd71a78e9670a0f6f6ca06fb2d",
                "sha256:79e8d804c2ccd618417e96720ad5cd076a86fa3f8cb310ea386a3e6229bae7d1",
                "sha256:7e80d375134ddb04231a53800503752093dbb65dad8dabacce2c84cccc78e964",
                "sha256:8097b3422d020ff1c44effc40ae58e67d93e60d540a65649d2cdaf9466030791",
                "sha256:8205ee14463248d3349131bb8099efe15cd3ce83b8ef3ace63c7e976998e7124",
                "sha256:8212ff58ac6dfde49946bea57474a386cca3f7706fc72c25b772b9ca4af6b79e",
                "sha256:823e74ab6fbaa028ec89615ff6acb409e90ff45580c45920d4dfdddb069f2120",
                "sha256:84e0566f15cf4d769dade9b366b7b87c959be472c92dffb70462dd0844d7cbad",
                "sha256:896c41007931217a343eff197c34513c154267636c8056fb409eafd494c3dcdc",
                "sha256:8aa362811ccdc1f8dadcc916c6d47e554169ab79559319ae9fae7d7752d0d60c",
                "sha256:8b3b397eefecec8e8e39fa65c630ef70a24b09141a6f9fc17b3c3a50bed6b50e",
                "sha256:8ebc7e65ca4b111d928b669713865f021b7773350eeac4a31d3e70144297baba",
                "sha256:9168764133fd919f8dcca2ead66de0105f4ef5659cbb4fa044f7014bed9a1797",
                "sha256:921ae54f9ecba3b6325df425cf72c074cd469dea843fb5743a26ca7fb2ccb149",
                "sha256:92558d37d872e808944c3c96d0423b8604879a3d1c86fdad508d7ed91ea547d5",
                "sha256:951cc481c0c395c4a08639a469d53b7d4afa252529a085418b82a6b43c45c240",
                "sha256:998c01b8e71cf051c28f5d6f1187abbdf5cf45fc0efce5da6c06447cba997034",
                "sha256:9abc80fe8c1f87218db116016de575a7998ab1629078c90840e8d11ab423ee25",
                "sha256:9be4f99bee42ac107870c61dfdb294d912bf81c3c6d45538aad7aecab468b6b7",
                "sha256:9c39438c55983d48f4bb3487734d040e22dad200dab22c41e331cee145e7a50d",
                "sha256:9d7e8ce990ae17dda686f7e82fd41a055c668e13ddcf058e7fb5e9da20b57793",
                "sha256:9ea7f4174d2e4194289cb0c4e172d83e79a6404297ff95f2875cf9ac9bced8ba",
                "sha256:a18fc371e900a21d7392517c6f60fe859e802547309e94313cd8181ad9db004d",
                "sha256:a36b452abbf29f68527cf52e181fced56685731c86b52e852053e38d8b60bc8d",
                "sha256:a5b66d1b201cc71bc3081bc2f1fc36b0c1f268b773e03bbc39066651b9e18391",
                "sha256:a824d2c7a703ba6daaca848f9c3d5cb93af0505be505de70e7e66829affd676e",
                "sha256:a88c0d17d039333a41d9bf4616bd062f0bd7aa0edeb6cafe00a2fc2a804e944f",
                "sha256:aa6800adc8204ce898c8a424303969b7aa6a5e4ad2789c13f8648739830323b7",
                "sha256:aad911555286884be1e427ef0dc0ba3929e6821cbeca2194b13dc415a462c7fd",
                "sha256:afc6e35f344490faa8276b5f2f7cbf71f88bc2cda4328e00553bd451728c571f",
                "sha256:b9a4df06c35465ef4d81799999bba810c68d29972bf1c31db61bfdb81dd9d5bb",
                "sha256:bb2954155bb8f63bb19d56d80e5e5320b61d71084617ed89efedb861a684baea",
                "sha256:bbc4362e06f950c62cad3d4abf1191021b2ffaf0b31ac230fbf0526453eee75e",
                "sha256:c0145295ca415668420ad142ee42189f78d27af806fcf1f32a18e51d47dd2052",
                "sha256:c30ff468163a48535ee7e9bf21bd14c7a81147c0e58a36c1078289a8ca7af0bd",
                "sha256:c347a20d79cedc0a7bd51c4d4b7dbc613ca4e65a756b5c3e57ec84bd43505b47",
                "sha256:c43583ea8517ed2e780a345dd9960896afc1327e8cf3ac8239c167530397440d",
                "sha256:c61a2cb0085c8783906b2f8b1f16a7e65777823c7f4d0a6aaffe26dc0d358dd9",
                "sha256:c9ca89938dff18828a328af41ffdf3902405a19f4131c88e22e776a8e228c5a8",
                "sha256:cc31e13ce212e14a539d430428cd365e74f8b2d534f8bc22dd4c9c55b277b875",
                "sha256:cdabcd3beb2a6dca7027007473d8ef1c3b053347c76f685f5f060a00327b8b65",
                "sha256:cf86f72d705fc2ef776bb7dd9e5fbba79d7e1f3e258bf9377f8204ad0fc1c51e",
                "sha256:d09dc82af2d3c17e7dd17120b202a79b578d79f2b5424bda209d9966efeed114",
                "sha256:d3aa13bdf38630da298f2e0d77aca967b200b8cc1473ea05248f6c5e9c9bdb44",
                "sha256:d69d003296df4840bd445a5d15fa5b6ff6ac40496f956a221c4d1f6f7b4bc4d9",
                "sha256:d6e109a454412ab82979c5b1b3aee0604eca4bbf9a02693bb9df027af2bfa91a",
                "sha256:d8551e733626afec514b5d15befabea0dd70a343a9f23322860c4f16a9430205",
                "sha256:d8754d872a5dfc3c5bf9c0e059e8107451364a30d9fd50f1f1a85c4fb9481164",
                "sha256:d8f9a6e7fd5434817526815f09ea27f2746c4a51ee11bb3439065f5fc754db58",
                "sha256:dbcbb6db5582ea33ce46a5d20a5793134b5365110d84df4e30b9d37c6fd40ad3",
                "sha256:e0f3ef95795efcd3b2ec3fe0a5bcfb5dadf5e3996ea2117427e524d4fbf309c6",
                "sha256:e13ae74a8a3a0c2f22f450f773e35f893484fcfacb00bb4344a7e0f4f48e1f97",
                "sha256:e274f62cbd274359eff63e5c7e7274c913e8e09620f6a57aae66744b3df046d6",
                "sha256:e838bf2bb0b91ee67bf2b889a1a841e5ecac06dd7a2b1ef4e6151e2ce155c7ae",
                "sha256:e8acd55bd5b071156bae57b555f5d33697998752673b9de554dd82f5b5352727",
                "sha256:e8e5ab32cf9eb3647450bc74eb201b27c185d3857276162c101c0f8c6374e098",
                "sha256:ebcb786b9ff30b994d5969213a8430cbb984cdd7ea9fd6df06663194bd3c450c",
                "sha256:ebea2821cdb5f9fef44933617be76185b80150632736f3d76e54829ab4a3b4d1",
                "sha256:ed0ef550042a8dbcd657dfb284a8ee00f0ba269d3f2286b0493b15a5694f9fe8",
                "sha256:eda5c1e2a715a4cbbca2d6d304988460942551e4e5e3b7457b50943cd741626d",
                "sha256:f5c0ed12926dec1dfe7d645333ea59cf93f4d07750986a586f511c0bc61fe103",
                "sha256:f6016bd950be4dcd047b7475fdf55fb1e1f59fc7403f387be0e8123e4a576d30",
                "sha256:f9e0057a509e096e47c87f753136c9b10d7a91842d8042c2ee6866899a717c0d",
                "sha256:fc1c892b1ec1f8cbd5da8de287577b455e388d9c328ad592eabbdcb6fc93bee5",
                "sha256:fc2c1e1b00f88317d9de6b2c2b39b012ebbfe35fe5e7bef980fd2a91f6100a07",
                "sha256:fd822f019ccccd75c832deb7aa040bb02d70a92eb15a2f16c7987b7ad4ee8d83"
            ],
            "markers": "python_version >= '3.9'",
            "version": "==0.24.0"
        },
        "typing-extensions": {
            "hashes": [
                "sha256:a439e7c04b49fec3e5d3e2beaa21755cadbbdc391694e28ccdd36ca4a1408f8c",
                "sha256:e6c81219bd689f51865d9e372991c540bda33a0379d5573cddb9a3a23f7caaef"
            ],
            "markers": "python_version >= '3.8'",
            "version": "==4.13.2"
        },
        "websockets": {
            "hashes": [
                "sha256:0701bc3cfcb9164d04a14b149fd74be7347a530ad3bbf15ab2c678a2cd3dd9a2",
                "sha256:0a34631031a8f05657e8e90903e656959234f3a04552259458aac0b0f9ae6fd9",
                "sha256:0af68c55afbd5f07986df82831c7bff04846928ea8d1fd7f30052638788bc9b5",
                "sha256:0c9e74d766f2818bb95f84c25be4dea09841ac0f734d1966f415e4edfc4ef1c3",
                "sha256:0f3c1e2ab208db911594ae5b4f79addeb3501604a165019dd221c0bdcabe4db8",
                "sha256:0fdfe3e2a29e4db3659dbd5bbf04560cea53dd9610273917799f1cde46aa725e",
                "sha256:1009ee0c7739c08a0cd59de430d6de452a55e42d6b522de7aa15e6f67db0b8e1",
                "sha256:1234d4ef35db82f5446dca8e35a7da7964d02c127b095e172e54397fb6a6c256",
                "sha256:16b6c1b3e57799b9d38427dda63edcbe4926352c47cf88588c0be4ace18dac85",
                "sha256:2034693ad3097d5355bfdacfffcbd3ef5694f9718ab7f29c29689a9eae841880",
                "sha256:21c1fa28a6a7e3cbdc171c694398b6df4744613ce9b36b1a498e816787e28123",
                "sha256:229cf1d3ca6c1804400b0a9790dc66528e08a6a1feec0d5040e8b9eb14422375",
                "sha256:27ccee0071a0e75d22cb35849b1db43f2ecd3e161041ac1ee9d2352ddf72f065",
                "sha256:363c6f671b761efcb30608d24925a382497c12c506b51661883c3e22337265ed",
                "sha256:39c1fec2c11dc8d89bba6b2bf1556af381611a173ac2b511cf7231622058af41",
                "sha256:3b1ac0d3e594bf121308112697cf4b32be538fb1444468fb0a6ae4feebc83411",
                "sha256:3be571a8b5afed347da347bfcf27ba12b069d9d7f42cb8c7028b5e98bbb12597",
                "sha256:3c714d2fc58b5ca3e285461a4cc0c9a66bd0e24c5da9911e30158286c9b5be7f",
                "sha256:3d00075aa65772e7ce9e990cab3ff1de702aa09be3940d1dc88d5abf1ab8a09c",
                "sha256:3e90baa811a5d73f3ca0bcbf32064d663ed81318ab225ee4f427ad4e26e5aff3",
                "sha256:47819cea040f31d670cc8d324bb6435c6f133b8c7a19ec3d61634e62f8d8f9eb",
                "sha256:47b099e1f4fbc95b701b6e85768e1fcdaf1630f3cbe4765fa216596f12310e2e",
                "sha256:4a9fac8e469d04ce6c25bb2610dc535235bd4aa14996b4e6dbebf5e007eba5ee",
                "sha256:4b826973a4a2ae47ba357e4e82fa44a463b8f168e1ca775ac64521442b19e87f",
                "sha256:4c2529b320eb9e35af0fa3016c187dffb84a3ecc572bcee7c3ce302bfeba52bf",
                "sha256:54479983bd5fb469c38f2f5c7e3a24f9a4e70594cd68cd1fa6b9340dadaff7cf",
                "sha256:558d023b3df0bffe50a04e710bc87742de35060580a293c2a984299ed83bc4e4",
                "sha256:5756779642579d902eed757b21b0164cd6fe338506a8083eb58af5c372e39d9a",
                "sha256:592f1a9fe869c778694f0aa806ba0374e97648ab57936f092fd9d87f8bc03665",
                "sha256:595b6c3969023ecf9041b2936ac3827e4623bfa3ccf007575f04c5a6aa318c22",
                "sha256:5a939de6b7b4e18ca683218320fc67ea886038265fd1ed30173f5ce3f8e85675",
                "sha256:5d54b09eba2bada6011aea5375542a157637b91029687eb4fdb2dab11059c1b4",
                "sha256:5df592cd503496351d6dc14f7cdad49f268d8e618f80dce0cd5a36b93c3fc08d",
                "sha256:5f4c04ead5aed67c8a1a20491d54cdfba5884507a48dd798ecaf13c74c4489f5",
                "sha256:64dee438fed052b52e4f98f76c5790513235efaa1ef7f3f2192c392cd7c91b65",
                "sha256:66dd88c918e3287efc22409d426c8f729688d89a0c587c88971a0faa2c2f3792",
                "sha256:678999709e68425ae2593acf2e3ebcbcf2e69885a5ee78f9eb80e6e371f1bf57",
                "sha256:67f2b6de947f8c757db2db9c71527933ad0019737ec374a8a6be9a956786aaf9",
                "sha256:693f0192126df6c2327cce3baa7c06f2a117575e32ab2308f7f8216c29d9e2e3",
                "sha256:746ee8dba912cd6fc889a8147168991d50ed70447bf18bcda7039f7d2e3d9151",
                "sha256:756c56e867a90fb00177d530dca4b097dd753cde348448a1012ed6c5131f8b7d",
                "sha256:76d1f20b1c7a2fa82367e04982e708723ba0e7b8d43aa643d3dcd404d74f1475",
                "sha256:7f493881579c90fc262d9cdbaa05a6b54b3811c2f300766748db79f098db9940",
                "sha256:823c248b690b2fd9303ba00c4f66cd5e2d8c3ba4aa968b2779be9532a4dad431",
                "sha256:82544de02076bafba038ce055ee6412d68da13ab47f0c60cab827346de828dee",
                "sha256:8dd8327c795b3e3f219760fa603dcae1dcc148172290a8ab15158cf85a953413",
                "sha256:8fdc51055e6ff4adeb88d58a11042ec9a5eae317a0a53d12c062c8a8865909e8",
                "sha256:a625e06551975f4b7ea7102bc43895b90742746797e2e14b70ed61c43a90f09b",
                "sha256:abdc0c6c8c648b4805c5eacd131910d2a7f6455dfd3becab248ef108e89ab16a",
                "sha256:ac017dd64572e5c3bd01939121e4d16cf30e5d7e110a119399cf3133b63ad054",
                "sha256:ac1e5c9054fe23226fb11e05a6e630837f074174c4c2f0fe442996112a6de4fb",
                "sha256:ac60e3b188ec7574cb761b08d50fcedf9d77f1530352db4eef1707fe9dee7205",
                "sha256:b359ed09954d7c18bbc1680f380c7301f92c60bf924171629c5db97febb12f04",
                "sha256:b7643a03db5c95c799b89b31c036d5f27eeb4d259c798e878d6937d71832b1e4",
                "sha256:ba9e56e8ceeeedb2e080147ba85ffcd5cd0711b89576b83784d8605a7df455fa",
                "sha256:c338ffa0520bdb12fbc527265235639fb76e7bc7faafbb93f6ba80d9c06578a9",
                "sha256:cad21560da69f4ce7658ca2cb83138fb4cf695a2ba3e475e0559e05991aa8122",
                "sha256:d08eb4c2b7d6c41da6ca0600c077e93f5adcfd979cd777d747e9ee624556da4b",
                "sha256:d50fd1ee42388dcfb2b3676132c78116490976f1300da28eb629272d5d93e905",
                "sha256:d591f8de75824cbb7acad4e05d2d710484f15f29d4a915092675ad3456f11770",
                "sha256:d5f6b181bb38171a8ad1d6aa58a67a6aa9d4b38d0f8c5f496b9e42561dfc62fe",
                "sha256:d63efaa0cd96cf0c5fe4d581521d9fa87744540d4bc999ae6e08595a1014b45b",
                "sha256:d99e5546bf73dbad5bf3547174cd6cb8ba7273062a23808ffea025ecb1cf8562",
                "sha256:e09473f095a819042ecb2ab9465aee615bd9c2028e4ef7d933600a8401c79561",
                "sha256:e8b56bdcdb4505c8078cb6c7157d9811a85790f2f2b3632c7d1462ab5783d215",
                "sha256:ee443ef070bb3b6ed74514f5efaa37a252af57c90eb33b956d35c8e9c10a1931",
                "sha256:f29d80eb9a9263b8d109135351caf568cc3f80b9928bccde535c235de55c22d9",
                "sha256:f7a866fbc1e97b5c617ee4116daaa09b722101d4a3c170c787450ba409f9736f",
                "sha256:fcd5cf9e305d7b8338754470cf69cf81f420459dbae8a3b40cee57417f4614a7"
            ],
            "index": "pypi",
            "markers": "python_version >= '3.9'",
            "version": "==15.0.1"
        }
    },
    "develop": {}
}
