{
    "_meta": {
        "hash": {
            "sha256": "647beca8c7296de71c269ba1354d094ef7226c74fc2986af1283d280ffa3f942"
        },
        "pipfile-spec": 6,
        "requires": {
            "python_version": "3.12"
        },
        "sources": [
            {
                "name": "pypi",
                "url": "https://pypi.org/simple",
                "verify_ssl": true
            }
        ]
    },
    "default": {
        "confluent-kafka": {
            "hashes": [
                "sha256:004952e98e64966115bb4c1836a28d439036f921f228dc6718409956ee3e854d",
                "sha256:0a51c6509cc7f494cd181a534bc9f346cff0df02b56c4ca69b0f9c621dc75186",
                "sha256:16b4787178e3765f3b3bedf8b7b6f4ddc7734dae606b350c387d11beeb8bc113",
                "sha256:1d142754af7245cf7e30c62964436d0e94141325062c9a9e09b32bb715999b43",
                "sha256:1dbda5fdc5f053fa3ae6c9d81db571d1fb30e92dece77cca20d37473cf7d8363",
                "sha256:27c81961b8864f0eb4c7ed8024aec3ed3ae3f249446b592840a173594cad66fb",
                "sha256:32f95f1040edcefe1aa68b71b6bd7c801f1f9814a5cf5d5267a405c624f0b6d8",
                "sha256:33606ec063407fad33e04eae8bf066fbe6ced2130c4d58b0a9d244c7fb347332",
                "sha256:5664d177dc7859e1a6c86f1b325adf6b87e84873ad2115ef63d2a539716dcb62",
                "sha256:62e0391c22a315c5897d046fb743be32ebbf6ff7391df36e2dd3e7d951f57a54",
                "sha256:65bb3a73e8f044e73fa8577e6a079d4dde3765ae6bf8d3d608aad183439cc374",
                "sha256:685568534714f3f2e891bff036453c7ae8f521946cd508a822151591809159ed",
                "sha256:728e20ee530bf56caa21102301de828fbd6ffa88d099f822ac5b70d3b15cf752",
                "sha256:79d46be5d6fa6efda286dfe4e6f88cff21d1458ae8013315998e45e6a4d6e369",
                "sha256:7a27596530ef034786554d1f29ecec0b79c8182e29802034c5676ea368479224",
                "sha256:7b68bdeba3309a42910622e1211580f9fb8612d0b15b8e8b62de782e8e92f2f1",
                "sha256:7c42d0b63b5147e2e0ff35b89eea8b7542d61c05ace40aa2c9c5390e94b5c389",
                "sha256:81a985d1ba1d0e66e99cb4bca7bfe302f3bbf06dd6e20be07dfe9661a1eedae3",
                "sha256:84aab3f8bfeaa31cbf22b3c11d6f9c751c7cd90be7ca5ce58f379b2e91d9042c",
                "sha256:8bc18cd064bcf7d86c2ffb902188946ac5c1ae0d1988035adf9bf19e4f30c069",
                "sha256:9c3afbec1845d95ccd0cd5e5b986f68d8107b45425e10f1fedeffa908c498f64",
                "sha256:9d5405c877f646e579613f7ba9133371b6e173c71dd585c14184a5d9533d83cf",
                "sha256:a060db173e3d5dbc765ce2c31c92af003486ac0b1729f78526e79f52a3a0c3b7",
                "sha256:a1a64a7c29f79fd536b19284340fb025992ee7bb6ef06a856c98f864424b27a3",
                "sha256:a397d9e2be15c9311ea51279785e75d9bf439bf15f3565043545440cc608ef40",
                "sha256:a500b5ed1d3403707e9a4737f14b120561387a49d770e7928bfa656714e612de",
                "sha256:a569559c1e76ce3bf557cbc6d31b9695a643f6b68213efcb3529b7a603eabdd7",
                "sha256:b907b98daba9b5710a8b20e486d5da38c15d73aaa6475f19ddc51f6307d0747b",
                "sha256:b9b4c5b31d24cdb9930be47d4c9dd7840f0c0a94259c8f9ce02c4ce38609dac1",
                "sha256:bf2b74bb9c68901ad345440e091b9a8a4490a38db3161b87d44f476650f3c0c6",
                "sha256:c62be1fa9c05240310880d5babbacd1bc5a923249197efee03b9db697b71f017",
                "sha256:d1cb3d365bb4fdb063654625cd1a1f64a2c1f1b3f324510ea3e008710ef76093",
                "sha256:d9cf2c6aec99db3952036312513611c6600eccfecd0b904460c18d6cbcae05b8",
                "sha256:dc8cfb93768a6e0de5c15f25a76a9e753400839a334da30572a275cf89393ead",
                "sha256:e9adda0c1ad6d713bb9b4ad058d0df3a22dd919820232bb47478f11270d60341"
            ],
            "index": "pypi",
            "markers": "python_version >= '3.7'",
            "version": "==2.7.0"
        },
        "websockets": {
            "hashes": [
                "sha256:00fe5da3f037041da1ee0cf8e308374e236883f9842c7c465aa65098b1c9af59",
                "sha256:01bb2d4f0a6d04538d3c5dfd27c0643269656c28045a53439cbf1c004f90897a",
                "sha256:034feb9f4286476f273b9a245fb15f02c34d9586a5bc936aff108c3ba1b21beb",
                "sha256:04a97aca96ca2acedf0d1f332c861c5a4486fdcba7bcef35873820f940c4231e",
                "sha256:0d4290d559d68288da9f444089fd82490c8d2744309113fc26e2da6e48b65da6",
                "sha256:1288369a6a84e81b90da5dbed48610cd7e5d60af62df9851ed1d1d23a9069f10",
                "sha256:14839f54786987ccd9d03ed7f334baec0f02272e7ec4f6e9d427ff584aeea8b4",
                "sha256:1d045cbe1358d76b24d5e20e7b1878efe578d9897a25c24e6006eef788c0fdf0",
                "sha256:1f874ba705deea77bcf64a9da42c1f5fc2466d8f14daf410bc7d4ceae0a9fcb0",
                "sha256:205f672a6c2c671a86d33f6d47c9b35781a998728d2c7c2a3e1cf3333fcb62b7",
                "sha256:2177ee3901075167f01c5e335a6685e71b162a54a89a56001f1c3e9e3d2ad250",
                "sha256:219c8187b3ceeadbf2afcf0f25a4918d02da7b944d703b97d12fb01510869078",
                "sha256:25225cc79cfebc95ba1d24cd3ab86aaa35bcd315d12fa4358939bd55e9bd74a5",
                "sha256:3630b670d5057cd9e08b9c4dab6493670e8e762a24c2c94ef312783870736ab9",
                "sha256:368a05465f49c5949e27afd6fbe0a77ce53082185bbb2ac096a3a8afaf4de52e",
                "sha256:36ebd71db3b89e1f7b1a5deaa341a654852c3518ea7a8ddfdf69cc66acc2db1b",
                "sha256:39450e6215f7d9f6f7bc2a6da21d79374729f5d052333da4d5825af8a97e6735",
                "sha256:398b10c77d471c0aab20a845e7a60076b6390bfdaac7a6d2edb0d2c59d75e8d8",
                "sha256:3c3deac3748ec73ef24fc7be0b68220d14d47d6647d2f85b2771cb35ea847aa1",
                "sha256:3f14a96a0034a27f9d47fd9788913924c89612225878f8078bb9d55f859272b0",
                "sha256:3fc753451d471cff90b8f467a1fc0ae64031cf2d81b7b34e1811b7e2691bc4bc",
                "sha256:414ffe86f4d6f434a8c3b7913655a1a5383b617f9bf38720e7c0799fac3ab1c6",
                "sha256:449d77d636f8d9c17952628cc7e3b8faf6e92a17ec581ec0c0256300717e1512",
                "sha256:4b6caec8576e760f2c7dd878ba817653144d5f369200b6ddf9771d64385b84d4",
                "sha256:4d4fc827a20abe6d544a119896f6b78ee13fe81cbfef416f3f2ddf09a03f0e2e",
                "sha256:5a42d3ecbb2db5080fc578314439b1d79eef71d323dc661aa616fb492436af5d",
                "sha256:5b918d288958dc3fa1c5a0b9aa3256cb2b2b84c54407f4813c45d52267600cd3",
                "sha256:5ef440054124728cc49b01c33469de06755e5a7a4e83ef61934ad95fc327fbb0",
                "sha256:660c308dabd2b380807ab64b62985eaccf923a78ebc572bd485375b9ca2b7dc7",
                "sha256:6a6c9bcf7cdc0fd41cc7b7944447982e8acfd9f0d560ea6d6845428ed0562058",
                "sha256:6d24fc337fc055c9e83414c94e1ee0dee902a486d19d2a7f0929e49d7d604b09",
                "sha256:7048eb4415d46368ef29d32133134c513f507fff7d953c18c91104738a68c3b3",
                "sha256:77569d19a13015e840b81550922056acabc25e3f52782625bc6843cfa034e1da",
                "sha256:8149a0f5a72ca36720981418eeffeb5c2729ea55fa179091c81a0910a114a5d2",
                "sha256:836bef7ae338a072e9d1863502026f01b14027250a4545672673057997d5c05a",
                "sha256:8621a07991add373c3c5c2cf89e1d277e49dc82ed72c75e3afc74bd0acc446f0",
                "sha256:87e31011b5c14a33b29f17eb48932e63e1dcd3fa31d72209848652310d3d1f0d",
                "sha256:88cf9163ef674b5be5736a584c999e98daf3aabac6e536e43286eb74c126b9c7",
                "sha256:8fda642151d5affdee8a430bd85496f2e2517be3a2b9d2484d633d5712b15c56",
                "sha256:90b5d9dfbb6d07a84ed3e696012610b6da074d97453bd01e0e30744b472c8179",
                "sha256:90f4c7a069c733d95c308380aae314f2cb45bd8a904fb03eb36d1a4983a4993f",
                "sha256:9481a6de29105d73cf4515f2bef8eb71e17ac184c19d0b9918a3701c6c9c4f23",
                "sha256:9607b9a442392e690a57909c362811184ea429585a71061cd5d3c2b98065c199",
                "sha256:9777564c0a72a1d457f0848977a1cbe15cfa75fa2f67ce267441e465717dcf1a",
                "sha256:a032855dc7db987dff813583d04f4950d14326665d7e714d584560b140ae6b8b",
                "sha256:a0adf84bc2e7c86e8a202537b4fd50e6f7f0e4a6b6bf64d7ccb96c4cd3330b29",
                "sha256:a35f704be14768cea9790d921c2c1cc4fc52700410b1c10948511039be824aac",
                "sha256:a3dfff83ca578cada2d19e665e9c8368e1598d4e787422a460ec70e531dbdd58",
                "sha256:a4c805c6034206143fbabd2d259ec5e757f8b29d0a2f0bf3d2fe5d1f60147a4a",
                "sha256:a655bde548ca98f55b43711b0ceefd2a88a71af6350b0c168aa77562104f3f45",
                "sha256:ad2ab2547761d79926effe63de21479dfaf29834c50f98c4bf5b5480b5838434",
                "sha256:b1f3628a0510bd58968c0f60447e7a692933589b791a6b572fcef374053ca280",
                "sha256:b7e7ea2f782408c32d86b87a0d2c1fd8871b0399dd762364c731d86c86069a78",
                "sha256:bc6ccf7d54c02ae47a48ddf9414c54d48af9c01076a2e1023e3b486b6e72c707",
                "sha256:bea45f19b7ca000380fbd4e02552be86343080120d074b87f25593ce1700ad58",
                "sha256:cc1fc87428c1d18b643479caa7b15db7d544652e5bf610513d4a3478dbe823d0",
                "sha256:cd7c11968bc3860d5c78577f0dbc535257ccec41750675d58d8dc66aa47fe52c",
                "sha256:ceada5be22fa5a5a4cdeec74e761c2ee7db287208f54c718f2df4b7e200b8d4a",
                "sha256:cf5201a04550136ef870aa60ad3d29d2a59e452a7f96b94193bee6d73b8ad9a9",
                "sha256:d9fd19ecc3a4d5ae82ddbfb30962cf6d874ff943e56e0c81f5169be2fda62979",
                "sha256:ddaa4a390af911da6f680be8be4ff5aaf31c4c834c1a9147bc21cbcbca2d4370",
                "sha256:df174ece723b228d3e8734a6f2a6febbd413ddec39b3dc592f5a4aa0aff28098",
                "sha256:e0744623852f1497d825a49a99bfbec9bea4f3f946df6eb9d8a2f0c37a2fec2e",
                "sha256:e5dc25a9dbd1a7f61eca4b7cb04e74ae4b963d658f9e4f9aad9cd00b688692c8",
                "sha256:e7591d6f440af7f73c4bd9404f3772bfee064e639d2b6cc8c94076e71b2471c1",
                "sha256:eb6d38971c800ff02e4a6afd791bbe3b923a9a57ca9aeab7314c21c84bf9ff05",
                "sha256:ed907449fe5e021933e46a3e65d651f641975a768d0649fee59f10c2985529ed",
                "sha256:f6cf0ad281c979306a6a34242b371e90e891bce504509fb6bb5246bbbf31e7b6",
                "sha256:f95ba34d71e2fa0c5d225bde3b3bdb152e957150100e75c86bc7f3964c450d89"
            ],
            "index": "pypi",
            "markers": "python_version >= '3.9'",
            "version": "==14.1"
        }
    },
    "develop": {}
}
